
Microsoft Visual Studio Solution File, Format Version 12.00
# Visual Studio Version 17
VisualStudioVersion = 17.6.33801.468
MinimumVisualStudioVersion = 10.0.40219.1
Project("{9A19103F-16F7-4668-BE54-9A1E7A4F7556}") = "Maze matrix", "Maze matrix\Maze matrix.csproj", "{03530FB6-A52F-4B23-BE2E-AC78A70064D5}"
EndProject
Project("{FAE04EC0-301F-11D3-BF4B-00C04F79EFBC}") = "Queen chess", "Queen chess\Queen chess.csproj", "{8757E99D-0AE4-4421-84F1-B2069E1DF91E}"
EndProject
Global
	GlobalSection(SolutionConfigurationPlatforms) = preSolution
		Debug|Any CPU = Debug|Any CPU
		Release|Any CPU = Release|Any CPU
	EndGlobalSection
	GlobalSection(ProjectConfigurationPlatforms) = postSolution
		{03530FB6-A52F-4B23-BE2E-AC78A70064D5}.Debug|Any CPU.ActiveCfg = Debug|Any CPU
		{03530FB6-A52F-4B23-BE2E-AC78A70064D5}.Debug|Any CPU.Build.0 = Debug|Any CPU
		{03530FB6-A52F-4B23-BE2E-AC78A70064D5}.Release|Any CPU.ActiveCfg = Release|Any CPU
		{03530FB6-A52F-4B23-BE2E-AC78A70064D5}.Release|Any CPU.Build.0 = Release|Any CPU
		{8757E99D-0AE4-4421-84F1-B2069E1DF91E}.Debug|Any CPU.ActiveCfg = Debug|Any CPU
		{8757E99D-0AE4-4421-84F1-B2069E1DF91E}.Debug|Any CPU.Build.0 = Debug|Any CPU
		{8757E99D-0AE4-4421-84F1-B2069E1DF91E}.Release|Any CPU.ActiveCfg = Release|Any CPU
		{8757E99D-0AE4-4421-84F1-B2069E1DF91E}.Release|Any CPU.Build.0 = Release|Any CPU
	EndGlobalSection
	GlobalSection(SolutionProperties) = preSolution
		HideSolutionNode = FALSE
	EndGlobalSection
	GlobalSection(ExtensibilityGlobals) = postSolution
		SolutionGuid = {4CFEA29B-D138-43DB-84BB-9AD6C05884E1}
	EndGlobalSection
EndGlobal
