
Microsoft Visual Studio Solution File, Format Version 12.00
# Visual Studio Version 17
VisualStudioVersion = 17.2.32516.85
MinimumVisualStudioVersion = 10.0.40219.1
Project("{9A19103F-16F7-4668-BE54-9A1E7A4F7556}") = "0.Demos", "Demos\0.Demos.csproj", "{066EA26D-80CC-40D5-8830-9B188C751727}"
EndProject
Project("{9A19103F-16F7-4668-BE54-9A1E7A4F7556}") = "1.Fractions", "Несъкратима дроб\1.Fractions.csproj", "{9C02E0AA-4602-4FF9-A56A-FBAE95D7EF9C}"
EndProject
Project("{9A19103F-16F7-4668-BE54-9A1E7A4F7556}") = "2.Delivery Company", "Delivery Company\2.Delivery Company.csproj", "{D8EE6894-E469-46B2-96FF-94EBDF294557}"
EndProject
Project("{9A19103F-16F7-4668-BE54-9A1E7A4F7556}") = "Shop", "Shop\Shop.csproj", "{2392A923-F79A-4A00-80A7-40AD6C28DCF2}"
EndProject
Project("{FAE04EC0-301F-11D3-BF4B-00C04F79EFBC}") = "ComparingObjects", "ComparingObjects\ComparingObjects.csproj", "{3B16D02D-9D72-4974-B10A-C57F5790461B}"
EndProject
Project("{FAE04EC0-301F-11D3-BF4B-00C04F79EFBC}") = "Stealer", "Stealer\Stealer.csproj", "{B3189FF6-F2CB-4BFB-A96B-CF573B269DF5}"
EndProject
Global
	GlobalSection(SolutionConfigurationPlatforms) = preSolution
		Debug|Any CPU = Debug|Any CPU
		Release|Any CPU = Release|Any CPU
	EndGlobalSection
	GlobalSection(ProjectConfigurationPlatforms) = postSolution
		{066EA26D-80CC-40D5-8830-9B188C751727}.Debug|Any CPU.ActiveCfg = Debug|Any CPU
		{066EA26D-80CC-40D5-8830-9B188C751727}.Debug|Any CPU.Build.0 = Debug|Any CPU
		{066EA26D-80CC-40D5-8830-9B188C751727}.Release|Any CPU.ActiveCfg = Release|Any CPU
		{066EA26D-80CC-40D5-8830-9B188C751727}.Release|Any CPU.Build.0 = Release|Any CPU
		{9C02E0AA-4602-4FF9-A56A-FBAE95D7EF9C}.Debug|Any CPU.ActiveCfg = Debug|Any CPU
		{9C02E0AA-4602-4FF9-A56A-FBAE95D7EF9C}.Debug|Any CPU.Build.0 = Debug|Any CPU
		{9C02E0AA-4602-4FF9-A56A-FBAE95D7EF9C}.Release|Any CPU.ActiveCfg = Release|Any CPU
		{9C02E0AA-4602-4FF9-A56A-FBAE95D7EF9C}.Release|Any CPU.Build.0 = Release|Any CPU
		{D8EE6894-E469-46B2-96FF-94EBDF294557}.Debug|Any CPU.ActiveCfg = Debug|Any CPU
		{D8EE6894-E469-46B2-96FF-94EBDF294557}.Debug|Any CPU.Build.0 = Debug|Any CPU
		{D8EE6894-E469-46B2-96FF-94EBDF294557}.Release|Any CPU.ActiveCfg = Release|Any CPU
		{D8EE6894-E469-46B2-96FF-94EBDF294557}.Release|Any CPU.Build.0 = Release|Any CPU
		{2392A923-F79A-4A00-80A7-40AD6C28DCF2}.Debug|Any CPU.ActiveCfg = Debug|Any CPU
		{2392A923-F79A-4A00-80A7-40AD6C28DCF2}.Debug|Any CPU.Build.0 = Debug|Any CPU
		{2392A923-F79A-4A00-80A7-40AD6C28DCF2}.Release|Any CPU.ActiveCfg = Release|Any CPU
		{2392A923-F79A-4A00-80A7-40AD6C28DCF2}.Release|Any CPU.Build.0 = Release|Any CPU
		{3B16D02D-9D72-4974-B10A-C57F5790461B}.Debug|Any CPU.ActiveCfg = Debug|Any CPU
		{3B16D02D-9D72-4974-B10A-C57F5790461B}.Debug|Any CPU.Build.0 = Debug|Any CPU
		{3B16D02D-9D72-4974-B10A-C57F5790461B}.Release|Any CPU.ActiveCfg = Release|Any CPU
		{3B16D02D-9D72-4974-B10A-C57F5790461B}.Release|Any CPU.Build.0 = Release|Any CPU
		{B3189FF6-F2CB-4BFB-A96B-CF573B269DF5}.Debug|Any CPU.ActiveCfg = Debug|Any CPU
		{B3189FF6-F2CB-4BFB-A96B-CF573B269DF5}.Debug|Any CPU.Build.0 = Debug|Any CPU
		{B3189FF6-F2CB-4BFB-A96B-CF573B269DF5}.Release|Any CPU.ActiveCfg = Release|Any CPU
		{B3189FF6-F2CB-4BFB-A96B-CF573B269DF5}.Release|Any CPU.Build.0 = Release|Any CPU
	EndGlobalSection
	GlobalSection(SolutionProperties) = preSolution
		HideSolutionNode = FALSE
	EndGlobalSection
	GlobalSection(ExtensibilityGlobals) = postSolution
		SolutionGuid = {B2F284EC-2087-4964-8B8B-BD15264E5C61}
	EndGlobalSection
EndGlobal
