
Microsoft Visual Studio Solution File, Format Version 12.00
# Visual Studio Version 17
VisualStudioVersion = 17.2.32516.85
MinimumVisualStudioVersion = 10.0.40219.1
Project("{9A19103F-16F7-4668-BE54-9A1E7A4F7556}") = "0.Demos", "Demos\0.Demos.csproj", "{066EA26D-80CC-40D5-8830-9B188C751727}"
EndProject
Project("{9A19103F-16F7-4668-BE54-9A1E7A4F7556}") = "1.Fractions", "Несъкратима дроб\1.Fractions.csproj", "{9C02E0AA-4602-4FF9-A56A-FBAE95D7EF9C}"
EndProject
Project("{9A19103F-16F7-4668-BE54-9A1E7A4F7556}") = "2.Delivery Company", "Delivery Company\2.Delivery Company.csproj", "{D8EE6894-E469-46B2-96FF-94EBDF294557}"
EndProject
Project("{9A19103F-16F7-4668-BE54-9A1E7A4F7556}") = "Shop", "Shop\Shop.csproj", "{2392A923-F79A-4A00-80A7-40AD6C28DCF2}"
EndProject
Project("{9A19103F-16F7-4668-BE54-9A1E7A4F7556}") = "ComparingObjects", "ComparingObjects\ComparingObjects.csproj", "{3B16D02D-9D72-4974-B10A-C57F5790461B}"
EndProject
Project("{9A19103F-16F7-4668-BE54-9A1E7A4F7556}") = "Stealer", "Stealer\Stealer.csproj", "{B3189FF6-F2CB-4BFB-A96B-CF573B269DF5}"
EndProject
Project("{9A19103F-16F7-4668-BE54-9A1E7A4F7556}") = "ReflectionDemos", "ReflectionDemos\ReflectionDemos.csproj", "{769F8F77-D509-4BDA-865D-8DB9D12BBDB2}"
EndProject
Project("{9A19103F-16F7-4668-BE54-9A1E7A4F7556}") = "AnimalShelter", "AnimalShelter\AnimalShelter.csproj", "{DDF083D6-7987-4AC4-94DB-CBE1F0223E23}"
EndProject
Project("{9A19103F-16F7-4668-BE54-9A1E7A4F7556}") = "LambdaAndLinq", "LambdaAndLinq\LambdaAndLinq.csproj", "{5874E235-4307-4C93-AF18-CEDE9A9DBDF3}"
EndProject
Project("{9A19103F-16F7-4668-BE54-9A1E7A4F7556}") = "ExtensionMethods", "ExtensionMethods\ExtensionMethods.csproj", "{62EE284A-0355-482C-8EB0-860036B55E7E}"
EndProject
Project("{9A19103F-16F7-4668-BE54-9A1E7A4F7556}") = "Events", "Events\Events.csproj", "{9D090AB6-65E2-43D8-BCE8-542ABAC9CBC4}"
EndProject
Project("{9A19103F-16F7-4668-BE54-9A1E7A4F7556}") = "CustomEventHandler", "CustomEventHandler\CustomEventHandler.csproj", "{2F91D2E2-73D1-4A5E-AC13-584E5848FA81}"
EndProject
Project("{9A19103F-16F7-4668-BE54-9A1E7A4F7556}") = "ExceptionsHandling", "ExceptionsHandling\ExceptionsHandling.csproj", "{8A019E45-44E0-4651-BCEC-4438FEACA680}"
EndProject
Project("{FAE04EC0-301F-11D3-BF4B-00C04F79EFBC}") = "FileStreams", "FileStreams\FileStreams.csproj", "{F4355599-A410-4A56-A8FC-BEA0208A78A7}"
EndProject
Global
	GlobalSection(SolutionConfigurationPlatforms) = preSolution
		Debug|Any CPU = Debug|Any CPU
		Release|Any CPU = Release|Any CPU
	EndGlobalSection
	GlobalSection(ProjectConfigurationPlatforms) = postSolution
		{066EA26D-80CC-40D5-8830-9B188C751727}.Debug|Any CPU.ActiveCfg = Debug|Any CPU
		{066EA26D-80CC-40D5-8830-9B188C751727}.Debug|Any CPU.Build.0 = Debug|Any CPU
		{066EA26D-80CC-40D5-8830-9B188C751727}.Release|Any CPU.ActiveCfg = Release|Any CPU
		{066EA26D-80CC-40D5-8830-9B188C751727}.Release|Any CPU.Build.0 = Release|Any CPU
		{9C02E0AA-4602-4FF9-A56A-FBAE95D7EF9C}.Debug|Any CPU.ActiveCfg = Debug|Any CPU
		{9C02E0AA-4602-4FF9-A56A-FBAE95D7EF9C}.Debug|Any CPU.Build.0 = Debug|Any CPU
		{9C02E0AA-4602-4FF9-A56A-FBAE95D7EF9C}.Release|Any CPU.ActiveCfg = Release|Any CPU
		{9C02E0AA-4602-4FF9-A56A-FBAE95D7EF9C}.Release|Any CPU.Build.0 = Release|Any CPU
		{D8EE6894-E469-46B2-96FF-94EBDF294557}.Debug|Any CPU.ActiveCfg = Debug|Any CPU
		{D8EE6894-E469-46B2-96FF-94EBDF294557}.Debug|Any CPU.Build.0 = Debug|Any CPU
		{D8EE6894-E469-46B2-96FF-94EBDF294557}.Release|Any CPU.ActiveCfg = Release|Any CPU
		{D8EE6894-E469-46B2-96FF-94EBDF294557}.Release|Any CPU.Build.0 = Release|Any CPU
		{2392A923-F79A-4A00-80A7-40AD6C28DCF2}.Debug|Any CPU.ActiveCfg = Debug|Any CPU
		{2392A923-F79A-4A00-80A7-40AD6C28DCF2}.Debug|Any CPU.Build.0 = Debug|Any CPU
		{2392A923-F79A-4A00-80A7-40AD6C28DCF2}.Release|Any CPU.ActiveCfg = Release|Any CPU
		{2392A923-F79A-4A00-80A7-40AD6C28DCF2}.Release|Any CPU.Build.0 = Release|Any CPU
		{3B16D02D-9D72-4974-B10A-C57F5790461B}.Debug|Any CPU.ActiveCfg = Debug|Any CPU
		{3B16D02D-9D72-4974-B10A-C57F5790461B}.Debug|Any CPU.Build.0 = Debug|Any CPU
		{3B16D02D-9D72-4974-B10A-C57F5790461B}.Release|Any CPU.ActiveCfg = Release|Any CPU
		{3B16D02D-9D72-4974-B10A-C57F5790461B}.Release|Any CPU.Build.0 = Release|Any CPU
		{B3189FF6-F2CB-4BFB-A96B-CF573B269DF5}.Debug|Any CPU.ActiveCfg = Debug|Any CPU
		{B3189FF6-F2CB-4BFB-A96B-CF573B269DF5}.Debug|Any CPU.Build.0 = Debug|Any CPU
		{B3189FF6-F2CB-4BFB-A96B-CF573B269DF5}.Release|Any CPU.ActiveCfg = Release|Any CPU
		{B3189FF6-F2CB-4BFB-A96B-CF573B269DF5}.Release|Any CPU.Build.0 = Release|Any CPU
		{769F8F77-D509-4BDA-865D-8DB9D12BBDB2}.Debug|Any CPU.ActiveCfg = Debug|Any CPU
		{769F8F77-D509-4BDA-865D-8DB9D12BBDB2}.Debug|Any CPU.Build.0 = Debug|Any CPU
		{769F8F77-D509-4BDA-865D-8DB9D12BBDB2}.Release|Any CPU.ActiveCfg = Release|Any CPU
		{769F8F77-D509-4BDA-865D-8DB9D12BBDB2}.Release|Any CPU.Build.0 = Release|Any CPU
		{DDF083D6-7987-4AC4-94DB-CBE1F0223E23}.Debug|Any CPU.ActiveCfg = Debug|Any CPU
		{DDF083D6-7987-4AC4-94DB-CBE1F0223E23}.Debug|Any CPU.Build.0 = Debug|Any CPU
		{DDF083D6-7987-4AC4-94DB-CBE1F0223E23}.Release|Any CPU.ActiveCfg = Release|Any CPU
		{DDF083D6-7987-4AC4-94DB-CBE1F0223E23}.Release|Any CPU.Build.0 = Release|Any CPU
		{5874E235-4307-4C93-AF18-CEDE9A9DBDF3}.Debug|Any CPU.ActiveCfg = Debug|Any CPU
		{5874E235-4307-4C93-AF18-CEDE9A9DBDF3}.Debug|Any CPU.Build.0 = Debug|Any CPU
		{5874E235-4307-4C93-AF18-CEDE9A9DBDF3}.Release|Any CPU.ActiveCfg = Release|Any CPU
		{5874E235-4307-4C93-AF18-CEDE9A9DBDF3}.Release|Any CPU.Build.0 = Release|Any CPU
		{62EE284A-0355-482C-8EB0-860036B55E7E}.Debug|Any CPU.ActiveCfg = Debug|Any CPU
		{62EE284A-0355-482C-8EB0-860036B55E7E}.Debug|Any CPU.Build.0 = Debug|Any CPU
		{62EE284A-0355-482C-8EB0-860036B55E7E}.Release|Any CPU.ActiveCfg = Release|Any CPU
		{62EE284A-0355-482C-8EB0-860036B55E7E}.Release|Any CPU.Build.0 = Release|Any CPU
		{9D090AB6-65E2-43D8-BCE8-542ABAC9CBC4}.Debug|Any CPU.ActiveCfg = Debug|Any CPU
		{9D090AB6-65E2-43D8-BCE8-542ABAC9CBC4}.Debug|Any CPU.Build.0 = Debug|Any CPU
		{9D090AB6-65E2-43D8-BCE8-542ABAC9CBC4}.Release|Any CPU.ActiveCfg = Release|Any CPU
		{9D090AB6-65E2-43D8-BCE8-542ABAC9CBC4}.Release|Any CPU.Build.0 = Release|Any CPU
		{2F91D2E2-73D1-4A5E-AC13-584E5848FA81}.Debug|Any CPU.ActiveCfg = Debug|Any CPU
		{2F91D2E2-73D1-4A5E-AC13-584E5848FA81}.Debug|Any CPU.Build.0 = Debug|Any CPU
		{2F91D2E2-73D1-4A5E-AC13-584E5848FA81}.Release|Any CPU.ActiveCfg = Release|Any CPU
		{2F91D2E2-73D1-4A5E-AC13-584E5848FA81}.Release|Any CPU.Build.0 = Release|Any CPU
		{8A019E45-44E0-4651-BCEC-4438FEACA680}.Debug|Any CPU.ActiveCfg = Debug|Any CPU
		{8A019E45-44E0-4651-BCEC-4438FEACA680}.Debug|Any CPU.Build.0 = Debug|Any CPU
		{8A019E45-44E0-4651-BCEC-4438FEACA680}.Release|Any CPU.ActiveCfg = Release|Any CPU
		{8A019E45-44E0-4651-BCEC-4438FEACA680}.Release|Any CPU.Build.0 = Release|Any CPU
		{F4355599-A410-4A56-A8FC-BEA0208A78A7}.Debug|Any CPU.ActiveCfg = Debug|Any CPU
		{F4355599-A410-4A56-A8FC-BEA0208A78A7}.Debug|Any CPU.Build.0 = Debug|Any CPU
		{F4355599-A410-4A56-A8FC-BEA0208A78A7}.Release|Any CPU.ActiveCfg = Release|Any CPU
		{F4355599-A410-4A56-A8FC-BEA0208A78A7}.Release|Any CPU.Build.0 = Release|Any CPU
	EndGlobalSection
	GlobalSection(SolutionProperties) = preSolution
		HideSolutionNode = FALSE
	EndGlobalSection
	GlobalSection(ExtensibilityGlobals) = postSolution
		SolutionGuid = {B2F284EC-2087-4964-8B8B-BD15264E5C61}
	EndGlobalSection
EndGlobal
