
Microsoft Visual Studio Solution File, Format Version 12.00
# Visual Studio Version 17
VisualStudioVersion = 17.3.32922.545
MinimumVisualStudioVersion = 10.0.40219.1
Project("{9A19103F-16F7-4668-BE54-9A1E7A4F7556}") = "Book", "Book\Book.csproj", "{BCFF7B94-51E3-4E51-873F-B5C6786BD8C6}"
EndProject
Project("{9A19103F-16F7-4668-BE54-9A1E7A4F7556}") = "Company", "Company\Company.csproj", "{5A33D7B7-41B4-4CEB-941E-5EBDB867D961}"
EndProject
Project("{9A19103F-16F7-4668-BE54-9A1E7A4F7556}") = "Shop", "Shop\Shop.csproj", "{22C2B000-D510-4DD1-9031-C1966788490D}"
EndProject
Project("{9A19103F-16F7-4668-BE54-9A1E7A4F7556}") = "Figures", "Figures\Figures.csproj", "{2851E70D-CE81-4F68-9674-2EC6C29DFAFB}"
EndProject
Project("{9A19103F-16F7-4668-BE54-9A1E7A4F7556}") = "PersonPoints", "PersonPoints\PersonPoints.csproj", "{FA631B49-6A7D-459E-A0F7-F13B1C3EE61D}"
EndProject
Project("{9A19103F-16F7-4668-BE54-9A1E7A4F7556}") = "Kitchen", "Kitchen\Kitchen.csproj", "{2111548B-F512-4E8F-9D1D-BF95B1EC08A4}"
EndProject
Global
	GlobalSection(SolutionConfigurationPlatforms) = preSolution
		Debug|Any CPU = Debug|Any CPU
		Release|Any CPU = Release|Any CPU
	EndGlobalSection
	GlobalSection(ProjectConfigurationPlatforms) = postSolution
		{BCFF7B94-51E3-4E51-873F-B5C6786BD8C6}.Debug|Any CPU.ActiveCfg = Debug|Any CPU
		{BCFF7B94-51E3-4E51-873F-B5C6786BD8C6}.Debug|Any CPU.Build.0 = Debug|Any CPU
		{BCFF7B94-51E3-4E51-873F-B5C6786BD8C6}.Release|Any CPU.ActiveCfg = Release|Any CPU
		{BCFF7B94-51E3-4E51-873F-B5C6786BD8C6}.Release|Any CPU.Build.0 = Release|Any CPU
		{5A33D7B7-41B4-4CEB-941E-5EBDB867D961}.Debug|Any CPU.ActiveCfg = Debug|Any CPU
		{5A33D7B7-41B4-4CEB-941E-5EBDB867D961}.Debug|Any CPU.Build.0 = Debug|Any CPU
		{5A33D7B7-41B4-4CEB-941E-5EBDB867D961}.Release|Any CPU.ActiveCfg = Release|Any CPU
		{5A33D7B7-41B4-4CEB-941E-5EBDB867D961}.Release|Any CPU.Build.0 = Release|Any CPU
		{22C2B000-D510-4DD1-9031-C1966788490D}.Debug|Any CPU.ActiveCfg = Debug|Any CPU
		{22C2B000-D510-4DD1-9031-C1966788490D}.Debug|Any CPU.Build.0 = Debug|Any CPU
		{22C2B000-D510-4DD1-9031-C1966788490D}.Release|Any CPU.ActiveCfg = Release|Any CPU
		{22C2B000-D510-4DD1-9031-C1966788490D}.Release|Any CPU.Build.0 = Release|Any CPU
		{2851E70D-CE81-4F68-9674-2EC6C29DFAFB}.Debug|Any CPU.ActiveCfg = Debug|Any CPU
		{2851E70D-CE81-4F68-9674-2EC6C29DFAFB}.Debug|Any CPU.Build.0 = Debug|Any CPU
		{2851E70D-CE81-4F68-9674-2EC6C29DFAFB}.Release|Any CPU.ActiveCfg = Release|Any CPU
		{2851E70D-CE81-4F68-9674-2EC6C29DFAFB}.Release|Any CPU.Build.0 = Release|Any CPU
		{FA631B49-6A7D-459E-A0F7-F13B1C3EE61D}.Debug|Any CPU.ActiveCfg = Debug|Any CPU
		{FA631B49-6A7D-459E-A0F7-F13B1C3EE61D}.Debug|Any CPU.Build.0 = Debug|Any CPU
		{FA631B49-6A7D-459E-A0F7-F13B1C3EE61D}.Release|Any CPU.ActiveCfg = Release|Any CPU
		{FA631B49-6A7D-459E-A0F7-F13B1C3EE61D}.Release|Any CPU.Build.0 = Release|Any CPU
		{2111548B-F512-4E8F-9D1D-BF95B1EC08A4}.Debug|Any CPU.ActiveCfg = Debug|Any CPU
		{2111548B-F512-4E8F-9D1D-BF95B1EC08A4}.Debug|Any CPU.Build.0 = Debug|Any CPU
		{2111548B-F512-4E8F-9D1D-BF95B1EC08A4}.Release|Any CPU.ActiveCfg = Release|Any CPU
		{2111548B-F512-4E8F-9D1D-BF95B1EC08A4}.Release|Any CPU.Build.0 = Release|Any CPU
	EndGlobalSection
	GlobalSection(SolutionProperties) = preSolution
		HideSolutionNode = FALSE
	EndGlobalSection
	GlobalSection(ExtensibilityGlobals) = postSolution
		SolutionGuid = {168817E3-4DA7-47FD-9D1D-DDD85EC7A95F}
	EndGlobalSection
EndGlobal
