
Microsoft Visual Studio Solution File, Format Version 12.00
# Visual Studio Version 17
VisualStudioVersion = 17.7.34221.43
MinimumVisualStudioVersion = 10.0.40219.1
Project("{FAE04EC0-301F-11D3-BF4B-00C04F79EFBC}") = "Tree implementation", "Deep first search\Tree implementation.csproj", "{3E0A30A8-CC20-480E-B92F-8C4845956FAB}"
EndProject
Global
	GlobalSection(SolutionConfigurationPlatforms) = preSolution
		Debug|Any CPU = Debug|Any CPU
		Release|Any CPU = Release|Any CPU
	EndGlobalSection
	GlobalSection(ProjectConfigurationPlatforms) = postSolution
		{3E0A30A8-CC20-480E-B92F-8C4845956FAB}.Debug|Any CPU.ActiveCfg = Debug|Any CPU
		{3E0A30A8-CC20-480E-B92F-8C4845956FAB}.Debug|Any CPU.Build.0 = Debug|Any CPU
		{3E0A30A8-CC20-480E-B92F-8C4845956FAB}.Release|Any CPU.ActiveCfg = Release|Any CPU
		{3E0A30A8-CC20-480E-B92F-8C4845956FAB}.Release|Any CPU.Build.0 = Release|Any CPU
	EndGlobalSection
	GlobalSection(SolutionProperties) = preSolution
		HideSolutionNode = FALSE
	EndGlobalSection
	GlobalSection(ExtensibilityGlobals) = postSolution
		SolutionGuid = {08D18E76-A0AA-4A68-BBBD-A6488E7D63E1}
	EndGlobalSection
EndGlobal
